
Microsoft Visual Studio Solution File, Format Version 12.00
# Visual Studio Version 17
VisualStudioVersion = 17.13.35931.197
MinimumVisualStudioVersion = 10.0.40219.1
Project("{FAE04EC0-301F-11D3-BF4B-00C04F79EFBC}") = "EDP-Flora", "EDP-Flora\EDP-Flora.csproj", "{0F3B78A7-B611-4E08-A22D-D403D9542E8B}"
EndProject
Project("{54435603-DBB4-11D2-8724-00A0C9A8B90C}") = "FloraFlowerShop", "FloraFlowerShop\FloraFlowerShop.vdproj", "{9C9E7FB5-AD67-0E91-3AD7-191BD45BF868}"
EndProject
Global
	GlobalSection(SolutionConfigurationPlatforms) = preSolution
		Debug|Any CPU = Debug|Any CPU
		Release|Any CPU = Release|Any CPU
	EndGlobalSection
	GlobalSection(ProjectConfigurationPlatforms) = postSolution
		{0F3B78A7-B611-4E08-A22D-D403D9542E8B}.Debug|Any CPU.ActiveCfg = Debug|Any CPU
		{0F3B78A7-B611-4E08-A22D-D403D9542E8B}.Debug|Any CPU.Build.0 = Debug|Any CPU
		{0F3B78A7-B611-4E08-A22D-D403D9542E8B}.Release|Any CPU.ActiveCfg = Release|Any CPU
		{0F3B78A7-B611-4E08-A22D-D403D9542E8B}.Release|Any CPU.Build.0 = Release|Any CPU
		{9C9E7FB5-AD67-0E91-3AD7-191BD45BF868}.Debug|Any CPU.ActiveCfg = Debug
		{9C9E7FB5-AD67-0E91-3AD7-191BD45BF868}.Release|Any CPU.ActiveCfg = Release
	EndGlobalSection
	GlobalSection(SolutionProperties) = preSolution
		HideSolutionNode = FALSE
	EndGlobalSection
	GlobalSection(ExtensibilityGlobals) = postSolution
		SolutionGuid = {51855E79-301F-4AC9-A624-2F0F0D5EB22F}
	EndGlobalSection
EndGlobal
